
Microsoft Visual Studio Solution File, Format Version 12.00
# Visual Studio 2017
Project("{FAE04EC0-301F-11D3-BF4B-00C04F79EFBC}") = "Fusion", "Fusion.csproj", "{2C5FF6A0-5D53-9DB0-AF2B-DA8770BA6473}"
EndProject
Global
	GlobalSection(SolutionConfigurationPlatforms) = preSolution
		Debug|Any CPU = Debug|Any CPU
		Release|Any CPU = Release|Any CPU
	EndGlobalSection
	GlobalSection(ProjectConfigurationPlatforms) = postSolution
		{2C5FF6A0-5D53-9DB0-AF2B-DA8770BA6473}.Debug|Any CPU.ActiveCfg = Debug|Any CPU
		{2C5FF6A0-5D53-9DB0-AF2B-DA8770BA6473}.Debug|Any CPU.Build.0 = Debug|Any CPU
		{2C5FF6A0-5D53-9DB0-AF2B-DA8770BA6473}.Release|Any CPU.ActiveCfg = Release|Any CPU
		{2C5FF6A0-5D53-9DB0-AF2B-DA8770BA6473}.Release|Any CPU.Build.0 = Release|Any CPU
	EndGlobalSection
	GlobalSection(SolutionProperties) = preSolution
		HideSolutionNode = FALSE
	EndGlobalSection
EndGlobal
